
Microsoft Visual Studio Solution File, Format Version 12.00
# Visual Studio Version 16
VisualStudioVersion = 16.0.31729.503
MinimumVisualStudioVersion = 10.0.40219.1
Project("{FAE04EC0-301F-11D3-BF4B-00C04F79EFBC}") = "ConsumerMicroservice", "ConsumerMicroservice\ConsumerMicroservice.csproj", "{AE929CE7-5C61-4E5D-8F50-7408225D8B97}"
EndProject
Global
	GlobalSection(SolutionConfigurationPlatforms) = preSolution
		Debug|Any CPU = Debug|Any CPU
		Release|Any CPU = Release|Any CPU
	EndGlobalSection
	GlobalSection(ProjectConfigurationPlatforms) = postSolution
		{AE929CE7-5C61-4E5D-8F50-7408225D8B97}.Debug|Any CPU.ActiveCfg = Debug|Any CPU
		{AE929CE7-5C61-4E5D-8F50-7408225D8B97}.Debug|Any CPU.Build.0 = Debug|Any CPU
		{AE929CE7-5C61-4E5D-8F50-7408225D8B97}.Release|Any CPU.ActiveCfg = Release|Any CPU
		{AE929CE7-5C61-4E5D-8F50-7408225D8B97}.Release|Any CPU.Build.0 = Release|Any CPU
	EndGlobalSection
	GlobalSection(SolutionProperties) = preSolution
		HideSolutionNode = FALSE
	EndGlobalSection
	GlobalSection(ExtensibilityGlobals) = postSolution
		SolutionGuid = {EAD5B99C-69EB-47B7-93F0-5BF1555AA5CA}
	EndGlobalSection
EndGlobal
